// !$*UTF8*$!
{
	archiveVersion = 1;
	classes = {
	};
	objectVersion = 56;
	objects = {

/* Begin PBXBuildFile section */
		1941AAFD07D0E0BE8C768C68 /* AppDelegate.swift in Sources */ = {isa = PBXBuildFile; fileRef = 1A246ADB20CFDF70859310ED /* AppDelegate.swift */; };
		2A4C6019CD196D16C3CAB84A /* ListRowViewModelMock.swift in Sources */ = {isa = PBXBuildFile; fileRef = 563D9AA2EBB99AB720A5C078 /* ListRowViewModelMock.swift */; };
		4EC8243188811042E5C96757 /* Environment.swift in Sources */ = {isa = PBXBuildFile; fileRef = 684AE9AB8A3BAFEB18E40B06 /* Environment.swift */; };
		5230C3F163D0772309DC4210 /* ListViewModelTests.swift in Sources */ = {isa = PBXBuildFile; fileRef = 634FC9A5BE89D55CAF520C93 /* ListViewModelTests.swift */; };
		526060D9204A83D86C752A1B /* UIFontExtensions.swift in Sources */ = {isa = PBXBuildFile; fileRef = 0DD9B43DA6C0E3AFF09A66E6 /* UIFontExtensions.swift */; };
		54CDDAB6DA0EBCB9A4FEB870 /* WASFeedbackView.swift in Sources */ = {isa = PBXBuildFile; fileRef = DCD85FBBC34D10055E3EAD69 /* WASFeedbackView.swift */; };
		717DCBCE964DB7506C3242D3 /* ResponseType.swift in Sources */ = {isa = PBXBuildFile; fileRef = 61581B42180859BD3ED39C9F /* ResponseType.swift */; };
		7DEAEDBB98695D0F14BF93A2 /* WASAPIMock.swift in Sources */ = {isa = PBXBuildFile; fileRef = 34209B378C6E7602D8D5B73B /* WASAPIMock.swift */; };
		88A0DF395094BBB3362D813C /* UIEdgeInsetsExtensions.swift in Sources */ = {isa = PBXBuildFile; fileRef = 82F305E59C84A1A5886E6BFF /* UIEdgeInsetsExtensions.swift */; };
		8DC0EB0FA6D1141EC9EAF48A /* Assets.xcassets in Resources */ = {isa = PBXBuildFile; fileRef = 426143FFD3FE63590BBF47A8 /* Assets.xcassets */; };
		8F9C6D4A64C25C9D0230F4EC /* DependencyContainer.swift in Sources */ = {isa = PBXBuildFile; fileRef = 37C31550BB701C320CC410A6 /* DependencyContainer.swift */; };
		98B3448D707CD453FBB9E826 /* WASViewController.swift in Sources */ = {isa = PBXBuildFile; fileRef = B05FC68FFF0CF66EAD8B2A6D /* WASViewController.swift */; };
		9A662310EB98699B52D4C8B7 /* LaunchScreen.storyboard in Resources */ = {isa = PBXBuildFile; fileRef = 243356E12739A4D68A2E238E /* LaunchScreen.storyboard */; };
		9A8B3D72381DB8871C7986B8 /* ListViewControllerTests.swift in Sources */ = {isa = PBXBuildFile; fileRef = 59A646AC722AE91CA25AA1E2 /* ListViewControllerTests.swift */; };
		A11F195D41461A228932448D /* Pods_challengeTests.framework in Frameworks */ = {isa = PBXBuildFile; fileRef = 4A65DC15B17BB004D98D2DCE /* Pods_challengeTests.framework */; };
		A75F575B2D047ABA00569AF7 /* RidesResponse.swift in Sources */ = {isa = PBXBuildFile; fileRef = A75F575A2D047AB400569AF7 /* RidesResponse.swift */; };
		A75F575E2D047B7A00569AF7 /* RideResponse.swift in Sources */ = {isa = PBXBuildFile; fileRef = A75F575D2D047B7A00569AF7 /* RideResponse.swift */; };
		A75F57602D047B9E00569AF7 /* DriverResponse.swift in Sources */ = {isa = PBXBuildFile; fileRef = A75F575F2D047B9C00569AF7 /* DriverResponse.swift */; };
		A75F57632D0482A900569AF7 /* ListViewModelSpy.swift in Sources */ = {isa = PBXBuildFile; fileRef = A75F57622D0482A700569AF7 /* ListViewModelSpy.swift */; };
		A75F57742D04AEDA00569AF7 /* EstimateViewModelProtocol.swift in Sources */ = {isa = PBXBuildFile; fileRef = A75F57702D04AEDA00569AF7 /* EstimateViewModelProtocol.swift */; };
		A75F57752D04AEDA00569AF7 /* EstimateViewController.swift in Sources */ = {isa = PBXBuildFile; fileRef = A75F57712D04AEDA00569AF7 /* EstimateViewController.swift */; };
		A75F57762D04AEDA00569AF7 /* EstimateViewModel.swift in Sources */ = {isa = PBXBuildFile; fileRef = A75F57722D04AEDA00569AF7 /* EstimateViewModel.swift */; };
		A75F577B2D06694600569AF7 /* EstimateViewModelTests.swift in Sources */ = {isa = PBXBuildFile; fileRef = A75F577A2D06694600569AF7 /* EstimateViewModelTests.swift */; };
		A75F577D2D066BB200569AF7 /* EstimateResponse.swift in Sources */ = {isa = PBXBuildFile; fileRef = A75F577C2D066BAE00569AF7 /* EstimateResponse.swift */; };
		A75F577F2D066C2200569AF7 /* GeoLocationResponse.swift in Sources */ = {isa = PBXBuildFile; fileRef = A75F577E2D066C2100569AF7 /* GeoLocationResponse.swift */; };
		A75F57812D066E6A00569AF7 /* EstimateViewControllerTests.swift in Sources */ = {isa = PBXBuildFile; fileRef = A75F57802D066E6A00569AF7 /* EstimateViewControllerTests.swift */; };
		A75F57832D066E8800569AF7 /* EstimateViewModelSpy.swift in Sources */ = {isa = PBXBuildFile; fileRef = A75F57822D066E8600569AF7 /* EstimateViewModelSpy.swift */; };
		A75F57882D0675E300569AF7 /* ConfirmViewModelProtocol.swift in Sources */ = {isa = PBXBuildFile; fileRef = A75F57842D0675E300569AF7 /* ConfirmViewModelProtocol.swift */; };
		A75F57892D0675E300569AF7 /* ConfirmViewController.swift in Sources */ = {isa = PBXBuildFile; fileRef = A75F57852D0675E300569AF7 /* ConfirmViewController.swift */; };
		A75F578A2D0675E300569AF7 /* ConfirmViewModel.swift in Sources */ = {isa = PBXBuildFile; fileRef = A75F57862D0675E300569AF7 /* ConfirmViewModel.swift */; };
		A75F578C2D067F8E00569AF7 /* GeoLocationResponseExtensions.swift in Sources */ = {isa = PBXBuildFile; fileRef = A75F578B2D067F8900569AF7 /* GeoLocationResponseExtensions.swift */; };
		A7F53F242D037894008B72FB /* ListViewModelProtocol.swift in Sources */ = {isa = PBXBuildFile; fileRef = A7F53F1F2D037894008B72FB /* ListViewModelProtocol.swift */; };
		A7F53F252D037894008B72FB /* ListRow.swift in Sources */ = {isa = PBXBuildFile; fileRef = A7F53F202D037894008B72FB /* ListRow.swift */; };
		A7F53F262D037894008B72FB /* ListViewController.swift in Sources */ = {isa = PBXBuildFile; fileRef = A7F53F212D037894008B72FB /* ListViewController.swift */; };
		A7F53F272D037894008B72FB /* ConfirmCell.swift in Sources */ = {isa = PBXBuildFile; fileRef = A7F53F1D2D037894008B72FB /* ConfirmCell.swift */; };
		A7F53F282D037894008B72FB /* ListViewModel.swift in Sources */ = {isa = PBXBuildFile; fileRef = A7F53F222D037894008B72FB /* ListViewModel.swift */; };
		A7F53F2A2D038097008B72FB /* DoubleExtensions.swift in Sources */ = {isa = PBXBuildFile; fileRef = A7F53F292D038093008B72FB /* DoubleExtensions.swift */; };
		A7F53F2C2D038173008B72FB /* StringExtensions.swift in Sources */ = {isa = PBXBuildFile; fileRef = A7F53F2B2D03816E008B72FB /* StringExtensions.swift */; };
		A7F5673B2D06A174000CCA9F /* ListCell.swift in Sources */ = {isa = PBXBuildFile; fileRef = A7F5673A2D06A174000CCA9F /* ListCell.swift */; };
		A7F5673D2D06A19A000CCA9F /* ConfirmRow.swift in Sources */ = {isa = PBXBuildFile; fileRef = A7F5673C2D06A19A000CCA9F /* ConfirmRow.swift */; };
		A7F567402D074D4E000CCA9F /* ConfirmViewModelTests.swift in Sources */ = {isa = PBXBuildFile; fileRef = A7F5673F2D074D4E000CCA9F /* ConfirmViewModelTests.swift */; };
		A7F567422D074EDA000CCA9F /* RouteResponse.swift in Sources */ = {isa = PBXBuildFile; fileRef = A7F567412D074ED7000CCA9F /* RouteResponse.swift */; };
		A7F567442D07D752000CCA9F /* ConfirmViewControllerTests.swift in Sources */ = {isa = PBXBuildFile; fileRef = A7F567432D07D752000CCA9F /* ConfirmViewControllerTests.swift */; };
		A7F567462D07D76B000CCA9F /* ConfirmViewModelSpy.swift in Sources */ = {isa = PBXBuildFile; fileRef = A7F567452D07D76B000CCA9F /* ConfirmViewModelSpy.swift */; };
		A7F567492D07E35B000CCA9F /* StringExtensionTests.swift in Sources */ = {isa = PBXBuildFile; fileRef = A7F567482D07E347000CCA9F /* StringExtensionTests.swift */; };
		A7F5674B2D07E617000CCA9F /* DoubleExtensionsTests.swift in Sources */ = {isa = PBXBuildFile; fileRef = A7F5674A2D07E60F000CCA9F /* DoubleExtensionsTests.swift */; };
		A7F5674D2D07E8AC000CCA9F /* GeoLocationResponseTests.swift in Sources */ = {isa = PBXBuildFile; fileRef = A7F5674C2D07E8A9000CCA9F /* GeoLocationResponseTests.swift */; };
		A7F5674F2D07F2C0000CCA9F /* Driver.swift in Sources */ = {isa = PBXBuildFile; fileRef = A7F5674E2D07F2BE000CCA9F /* Driver.swift */; };
		A7F567562D089537000CCA9F /* Colors.xcassets in Resources */ = {isa = PBXBuildFile; fileRef = A7F567552D089537000CCA9F /* Colors.xcassets */; };
		A7F567582D089C60000CCA9F /* Colors.swift in Sources */ = {isa = PBXBuildFile; fileRef = A7F567572D089C5D000CCA9F /* Colors.swift */; };
		A7F5675A2D08A305000CCA9F /* Typography.swift in Sources */ = {isa = PBXBuildFile; fileRef = A7F567592D08A302000CCA9F /* Typography.swift */; };
		A7F5675D2D08A6F7000CCA9F /* Spacing.swift in Sources */ = {isa = PBXBuildFile; fileRef = A7F5675C2D08A6F4000CCA9F /* Spacing.swift */; };
		A7F5675F2D08A8D4000CCA9F /* Buttons.swift in Sources */ = {isa = PBXBuildFile; fileRef = A7F5675E2D08A8D1000CCA9F /* Buttons.swift */; };
		A7F567612D08AB23000CCA9F /* TextFields.swift in Sources */ = {isa = PBXBuildFile; fileRef = A7F567602D08AB1F000CCA9F /* TextFields.swift */; };
		B030879FF5D6E5ED4AC21158 /* Pods_challenge.framework in Frameworks */ = {isa = PBXBuildFile; fileRef = 2338FAF6339A40BB0E103E79 /* Pods_challenge.framework */; };
		B346C0E71966480D43BB333A /* UIViewExtensions.swift in Sources */ = {isa = PBXBuildFile; fileRef = 6B580344F1CA5966A390547A /* UIViewExtensions.swift */; };
/* End PBXBuildFile section */

/* Begin PBXContainerItemProxy section */
		C7A29AC73D88BCC6FC5AF32A /* PBXContainerItemProxy */ = {
			isa = PBXContainerItemProxy;
			containerPortal = 3D3C629AA56C05E99DA73355 /* Project object */;
			proxyType = 1;
			remoteGlobalIDString = 1BD18AB17563842D09796886;
			remoteInfo = challenge;
		};
/* End PBXContainerItemProxy section */

/* Begin PBXFileReference section */
		0DD9B43DA6C0E3AFF09A66E6 /* UIFontExtensions.swift */ = {isa = PBXFileReference; lastKnownFileType = sourcecode.swift; path = UIFontExtensions.swift; sourceTree = "<group>"; };
		0F5C84DBFF090DE3200E946C /* Info.plist */ = {isa = PBXFileReference; lastKnownFileType = text.plist; path = Info.plist; sourceTree = "<group>"; };
		12F63258320BA3CC9F59B93A /* challenge.app */ = {isa = PBXFileReference; explicitFileType = wrapper.application; includeInIndex = 0; path = challenge.app; sourceTree = BUILT_PRODUCTS_DIR; };
		1A246ADB20CFDF70859310ED /* AppDelegate.swift */ = {isa = PBXFileReference; lastKnownFileType = sourcecode.swift; path = AppDelegate.swift; sourceTree = "<group>"; };
		2338FAF6339A40BB0E103E79 /* Pods_challenge.framework */ = {isa = PBXFileReference; explicitFileType = wrapper.framework; includeInIndex = 0; path = Pods_challenge.framework; sourceTree = BUILT_PRODUCTS_DIR; };
		34209B378C6E7602D8D5B73B /* WASAPIMock.swift */ = {isa = PBXFileReference; lastKnownFileType = sourcecode.swift; path = WASAPIMock.swift; sourceTree = "<group>"; };
		363B6764AF320187F9DD1327 /* Pods-challenge.release.xcconfig */ = {isa = PBXFileReference; includeInIndex = 1; lastKnownFileType = text.xcconfig; name = "Pods-challenge.release.xcconfig"; path = "Target Support Files/Pods-challenge/Pods-challenge.release.xcconfig"; sourceTree = "<group>"; };
		37C31550BB701C320CC410A6 /* DependencyContainer.swift */ = {isa = PBXFileReference; lastKnownFileType = sourcecode.swift; path = DependencyContainer.swift; sourceTree = "<group>"; };
		426143FFD3FE63590BBF47A8 /* Assets.xcassets */ = {isa = PBXFileReference; lastKnownFileType = folder.assetcatalog; path = Assets.xcassets; sourceTree = "<group>"; };
		47123DAE98C0248E50D0C76D /* Base */ = {isa = PBXFileReference; lastKnownFileType = file.storyboard; name = Base; path = Base.lproj/LaunchScreen.storyboard; sourceTree = "<group>"; };
		4A65DC15B17BB004D98D2DCE /* Pods_challengeTests.framework */ = {isa = PBXFileReference; explicitFileType = wrapper.framework; includeInIndex = 0; path = Pods_challengeTests.framework; sourceTree = BUILT_PRODUCTS_DIR; };
		563D9AA2EBB99AB720A5C078 /* ListRowViewModelMock.swift */ = {isa = PBXFileReference; lastKnownFileType = sourcecode.swift; path = ListRowViewModelMock.swift; sourceTree = "<group>"; };
		59A646AC722AE91CA25AA1E2 /* ListViewControllerTests.swift */ = {isa = PBXFileReference; lastKnownFileType = sourcecode.swift; path = ListViewControllerTests.swift; sourceTree = "<group>"; };
		61581B42180859BD3ED39C9F /* ResponseType.swift */ = {isa = PBXFileReference; lastKnownFileType = sourcecode.swift; path = ResponseType.swift; sourceTree = "<group>"; };
		634FC9A5BE89D55CAF520C93 /* ListViewModelTests.swift */ = {isa = PBXFileReference; lastKnownFileType = sourcecode.swift; path = ListViewModelTests.swift; sourceTree = "<group>"; };
		684AE9AB8A3BAFEB18E40B06 /* Environment.swift */ = {isa = PBXFileReference; lastKnownFileType = sourcecode.swift; path = Environment.swift; sourceTree = "<group>"; };
		6B580344F1CA5966A390547A /* UIViewExtensions.swift */ = {isa = PBXFileReference; lastKnownFileType = sourcecode.swift; path = UIViewExtensions.swift; sourceTree = "<group>"; };
		81AA64988C4767597B4AC4B8 /* Pods-challengeTests.release.xcconfig */ = {isa = PBXFileReference; includeInIndex = 1; lastKnownFileType = text.xcconfig; name = "Pods-challengeTests.release.xcconfig"; path = "Target Support Files/Pods-challengeTests/Pods-challengeTests.release.xcconfig"; sourceTree = "<group>"; };
		82F305E59C84A1A5886E6BFF /* UIEdgeInsetsExtensions.swift */ = {isa = PBXFileReference; lastKnownFileType = sourcecode.swift; path = UIEdgeInsetsExtensions.swift; sourceTree = "<group>"; };
		A75F575A2D047AB400569AF7 /* RidesResponse.swift */ = {isa = PBXFileReference; lastKnownFileType = sourcecode.swift; path = RidesResponse.swift; sourceTree = "<group>"; };
		A75F575D2D047B7A00569AF7 /* RideResponse.swift */ = {isa = PBXFileReference; lastKnownFileType = sourcecode.swift; path = RideResponse.swift; sourceTree = "<group>"; };
		A75F575F2D047B9C00569AF7 /* DriverResponse.swift */ = {isa = PBXFileReference; lastKnownFileType = sourcecode.swift; path = DriverResponse.swift; sourceTree = "<group>"; };
		A75F57622D0482A700569AF7 /* ListViewModelSpy.swift */ = {isa = PBXFileReference; lastKnownFileType = sourcecode.swift; path = ListViewModelSpy.swift; sourceTree = "<group>"; };
		A75F57702D04AEDA00569AF7 /* EstimateViewModelProtocol.swift */ = {isa = PBXFileReference; lastKnownFileType = sourcecode.swift; path = EstimateViewModelProtocol.swift; sourceTree = "<group>"; };
		A75F57712D04AEDA00569AF7 /* EstimateViewController.swift */ = {isa = PBXFileReference; lastKnownFileType = sourcecode.swift; path = EstimateViewController.swift; sourceTree = "<group>"; };
		A75F57722D04AEDA00569AF7 /* EstimateViewModel.swift */ = {isa = PBXFileReference; lastKnownFileType = sourcecode.swift; path = EstimateViewModel.swift; sourceTree = "<group>"; };
		A75F577A2D06694600569AF7 /* EstimateViewModelTests.swift */ = {isa = PBXFileReference; lastKnownFileType = sourcecode.swift; path = EstimateViewModelTests.swift; sourceTree = "<group>"; };
		A75F577C2D066BAE00569AF7 /* EstimateResponse.swift */ = {isa = PBXFileReference; lastKnownFileType = sourcecode.swift; path = EstimateResponse.swift; sourceTree = "<group>"; };
		A75F577E2D066C2100569AF7 /* GeoLocationResponse.swift */ = {isa = PBXFileReference; lastKnownFileType = sourcecode.swift; path = GeoLocationResponse.swift; sourceTree = "<group>"; };
		A75F57802D066E6A00569AF7 /* EstimateViewControllerTests.swift */ = {isa = PBXFileReference; lastKnownFileType = sourcecode.swift; path = EstimateViewControllerTests.swift; sourceTree = "<group>"; };
		A75F57822D066E8600569AF7 /* EstimateViewModelSpy.swift */ = {isa = PBXFileReference; lastKnownFileType = sourcecode.swift; path = EstimateViewModelSpy.swift; sourceTree = "<group>"; };
		A75F57842D0675E300569AF7 /* ConfirmViewModelProtocol.swift */ = {isa = PBXFileReference; lastKnownFileType = sourcecode.swift; path = ConfirmViewModelProtocol.swift; sourceTree = "<group>"; };
		A75F57852D0675E300569AF7 /* ConfirmViewController.swift */ = {isa = PBXFileReference; lastKnownFileType = sourcecode.swift; path = ConfirmViewController.swift; sourceTree = "<group>"; };
		A75F57862D0675E300569AF7 /* ConfirmViewModel.swift */ = {isa = PBXFileReference; lastKnownFileType = sourcecode.swift; path = ConfirmViewModel.swift; sourceTree = "<group>"; };
		A75F578B2D067F8900569AF7 /* GeoLocationResponseExtensions.swift */ = {isa = PBXFileReference; lastKnownFileType = sourcecode.swift; path = GeoLocationResponseExtensions.swift; sourceTree = "<group>"; };
		A7F53F1D2D037894008B72FB /* ConfirmCell.swift */ = {isa = PBXFileReference; lastKnownFileType = sourcecode.swift; path = ConfirmCell.swift; sourceTree = "<group>"; };
		A7F53F1F2D037894008B72FB /* ListViewModelProtocol.swift */ = {isa = PBXFileReference; lastKnownFileType = sourcecode.swift; path = ListViewModelProtocol.swift; sourceTree = "<group>"; };
		A7F53F202D037894008B72FB /* ListRow.swift */ = {isa = PBXFileReference; lastKnownFileType = sourcecode.swift; path = ListRow.swift; sourceTree = "<group>"; };
		A7F53F212D037894008B72FB /* ListViewController.swift */ = {isa = PBXFileReference; lastKnownFileType = sourcecode.swift; path = ListViewController.swift; sourceTree = "<group>"; };
		A7F53F222D037894008B72FB /* ListViewModel.swift */ = {isa = PBXFileReference; lastKnownFileType = sourcecode.swift; path = ListViewModel.swift; sourceTree = "<group>"; };
		A7F53F292D038093008B72FB /* DoubleExtensions.swift */ = {isa = PBXFileReference; lastKnownFileType = sourcecode.swift; path = DoubleExtensions.swift; sourceTree = "<group>"; };
		A7F53F2B2D03816E008B72FB /* StringExtensions.swift */ = {isa = PBXFileReference; lastKnownFileType = sourcecode.swift; path = StringExtensions.swift; sourceTree = "<group>"; };
		A7F5673A2D06A174000CCA9F /* ListCell.swift */ = {isa = PBXFileReference; lastKnownFileType = sourcecode.swift; path = ListCell.swift; sourceTree = "<group>"; };
		A7F5673C2D06A19A000CCA9F /* ConfirmRow.swift */ = {isa = PBXFileReference; lastKnownFileType = sourcecode.swift; path = ConfirmRow.swift; sourceTree = "<group>"; };
		A7F5673F2D074D4E000CCA9F /* ConfirmViewModelTests.swift */ = {isa = PBXFileReference; lastKnownFileType = sourcecode.swift; path = ConfirmViewModelTests.swift; sourceTree = "<group>"; };
		A7F567412D074ED7000CCA9F /* RouteResponse.swift */ = {isa = PBXFileReference; lastKnownFileType = sourcecode.swift; path = RouteResponse.swift; sourceTree = "<group>"; };
		A7F567432D07D752000CCA9F /* ConfirmViewControllerTests.swift */ = {isa = PBXFileReference; lastKnownFileType = sourcecode.swift; path = ConfirmViewControllerTests.swift; sourceTree = "<group>"; };
		A7F567452D07D76B000CCA9F /* ConfirmViewModelSpy.swift */ = {isa = PBXFileReference; lastKnownFileType = sourcecode.swift; path = ConfirmViewModelSpy.swift; sourceTree = "<group>"; };
		A7F567482D07E347000CCA9F /* StringExtensionTests.swift */ = {isa = PBXFileReference; lastKnownFileType = sourcecode.swift; path = StringExtensionTests.swift; sourceTree = "<group>"; };
		A7F5674A2D07E60F000CCA9F /* DoubleExtensionsTests.swift */ = {isa = PBXFileReference; lastKnownFileType = sourcecode.swift; path = DoubleExtensionsTests.swift; sourceTree = "<group>"; };
		A7F5674C2D07E8A9000CCA9F /* GeoLocationResponseTests.swift */ = {isa = PBXFileReference; lastKnownFileType = sourcecode.swift; path = GeoLocationResponseTests.swift; sourceTree = "<group>"; };
		A7F5674E2D07F2BE000CCA9F /* Driver.swift */ = {isa = PBXFileReference; lastKnownFileType = sourcecode.swift; path = Driver.swift; sourceTree = "<group>"; };
		A7F567552D089537000CCA9F /* Colors.xcassets */ = {isa = PBXFileReference; lastKnownFileType = folder.assetcatalog; path = Colors.xcassets; sourceTree = "<group>"; };
		A7F567572D089C5D000CCA9F /* Colors.swift */ = {isa = PBXFileReference; lastKnownFileType = sourcecode.swift; path = Colors.swift; sourceTree = "<group>"; };
		A7F567592D08A302000CCA9F /* Typography.swift */ = {isa = PBXFileReference; lastKnownFileType = sourcecode.swift; path = Typography.swift; sourceTree = "<group>"; };
		A7F5675C2D08A6F4000CCA9F /* Spacing.swift */ = {isa = PBXFileReference; lastKnownFileType = sourcecode.swift; path = Spacing.swift; sourceTree = "<group>"; };
		A7F5675E2D08A8D1000CCA9F /* Buttons.swift */ = {isa = PBXFileReference; lastKnownFileType = sourcecode.swift; path = Buttons.swift; sourceTree = "<group>"; };
		A7F567602D08AB1F000CCA9F /* TextFields.swift */ = {isa = PBXFileReference; lastKnownFileType = sourcecode.swift; path = TextFields.swift; sourceTree = "<group>"; };
		B05FC68FFF0CF66EAD8B2A6D /* WASViewController.swift */ = {isa = PBXFileReference; lastKnownFileType = sourcecode.swift; path = WASViewController.swift; sourceTree = "<group>"; };
		C2329FC97F4186A093519894 /* challengeTests.xctest */ = {isa = PBXFileReference; explicitFileType = wrapper.cfbundle; includeInIndex = 0; path = challengeTests.xctest; sourceTree = BUILT_PRODUCTS_DIR; };
		CDBE801742AEE2AF79ABD88B /* Info.plist */ = {isa = PBXFileReference; lastKnownFileType = text.plist; path = Info.plist; sourceTree = "<group>"; };
		D763C9B11D2DF1752798E4E6 /* Pods-challenge.debug.xcconfig */ = {isa = PBXFileReference; includeInIndex = 1; lastKnownFileType = text.xcconfig; name = "Pods-challenge.debug.xcconfig"; path = "Target Support Files/Pods-challenge/Pods-challenge.debug.xcconfig"; sourceTree = "<group>"; };
		DCD85FBBC34D10055E3EAD69 /* WASFeedbackView.swift */ = {isa = PBXFileReference; lastKnownFileType = sourcecode.swift; path = WASFeedbackView.swift; sourceTree = "<group>"; };
		EF4C774DAF81D814682FD6BD /* Pods-challengeTests.debug.xcconfig */ = {isa = PBXFileReference; includeInIndex = 1; lastKnownFileType = text.xcconfig; name = "Pods-challengeTests.debug.xcconfig"; path = "Target Support Files/Pods-challengeTests/Pods-challengeTests.debug.xcconfig"; sourceTree = "<group>"; };
/* End PBXFileReference section */

/* Begin PBXFrameworksBuildPhase section */
		4C40E556B357801CA9AA460D /* Frameworks */ = {
			isa = PBXFrameworksBuildPhase;
			buildActionMask = 2147483647;
			files = (
				A11F195D41461A228932448D /* Pods_challengeTests.framework in Frameworks */,
			);
			runOnlyForDeploymentPostprocessing = 0;
		};
		A0288E282F4310F0CA6CD25D /* Frameworks */ = {
			isa = PBXFrameworksBuildPhase;
			buildActionMask = 2147483647;
			files = (
				B030879FF5D6E5ED4AC21158 /* Pods_challenge.framework in Frameworks */,
			);
			runOnlyForDeploymentPostprocessing = 0;
		};
/* End PBXFrameworksBuildPhase section */

/* Begin PBXGroup section */
		12F97E69C081305D818A45CE /* Extensions */ = {
			isa = PBXGroup;
			children = (
				A75F578B2D067F8900569AF7 /* GeoLocationResponseExtensions.swift */,
				A7F53F2B2D03816E008B72FB /* StringExtensions.swift */,
				A7F53F292D038093008B72FB /* DoubleExtensions.swift */,
				82F305E59C84A1A5886E6BFF /* UIEdgeInsetsExtensions.swift */,
				0DD9B43DA6C0E3AFF09A66E6 /* UIFontExtensions.swift */,
				6B580344F1CA5966A390547A /* UIViewExtensions.swift */,
			);
			path = Extensions;
			sourceTree = "<group>";
		};
		2327A0540315EE138FA181D8 /* List */ = {
			isa = PBXGroup;
			children = (
				A75F57622D0482A700569AF7 /* ListViewModelSpy.swift */,
				59A646AC722AE91CA25AA1E2 /* ListViewControllerTests.swift */,
				634FC9A5BE89D55CAF520C93 /* ListViewModelTests.swift */,
				862D1B618BA5A2F242B23F46 /* Mocks */,
			);
			path = List;
			sourceTree = "<group>";
		};
		3321C7BC0FEC42EE38FE9A17 /* Frameworks */ = {
			isa = PBXGroup;
			children = (
				2338FAF6339A40BB0E103E79 /* Pods_challenge.framework */,
				4A65DC15B17BB004D98D2DCE /* Pods_challengeTests.framework */,
			);
			name = Frameworks;
			sourceTree = "<group>";
		};
		374176976DEE7B980BE55DB7 /* challenge */ = {
			isa = PBXGroup;
			children = (
				1A246ADB20CFDF70859310ED /* AppDelegate.swift */,
				426143FFD3FE63590BBF47A8 /* Assets.xcassets */,
				A7F567552D089537000CCA9F /* Colors.xcassets */,
				0F5C84DBFF090DE3200E946C /* Info.plist */,
				243356E12739A4D68A2E238E /* LaunchScreen.storyboard */,
				A7F5675B2D08A6F0000CCA9F /* DesignSystem */,
				79E70874E1E11AF96DB6DF78 /* Base */,
				12F97E69C081305D818A45CE /* Extensions */,
				FE227FC92538EA23F02D6182 /* Modules */,
			);
			path = challenge;
			sourceTree = "<group>";
		};
		568FDB59180F06F5FA5443E4 = {
			isa = PBXGroup;
			children = (
				374176976DEE7B980BE55DB7 /* challenge */,
				83EA72DEDA6FEB9F44E31634 /* challengeTests */,
				660DA69B4B34DD1D930F5D97 /* Products */,
				BDB2B6BAACC8B409C5C37866 /* Pods */,
				3321C7BC0FEC42EE38FE9A17 /* Frameworks */,
			);
			sourceTree = "<group>";
		};
		660DA69B4B34DD1D930F5D97 /* Products */ = {
			isa = PBXGroup;
			children = (
				12F63258320BA3CC9F59B93A /* challenge.app */,
				C2329FC97F4186A093519894 /* challengeTests.xctest */,
			);
			name = Products;
			sourceTree = "<group>";
		};
		79E70874E1E11AF96DB6DF78 /* Base */ = {
			isa = PBXGroup;
			children = (
				A7F5674E2D07F2BE000CCA9F /* Driver.swift */,
				37C31550BB701C320CC410A6 /* DependencyContainer.swift */,
				684AE9AB8A3BAFEB18E40B06 /* Environment.swift */,
				DCD85FBBC34D10055E3EAD69 /* WASFeedbackView.swift */,
				B05FC68FFF0CF66EAD8B2A6D /* WASViewController.swift */,
			);
			path = Base;
			sourceTree = "<group>";
		};
		83EA72DEDA6FEB9F44E31634 /* challengeTests */ = {
			isa = PBXGroup;
			children = (
				A7F567472D07E32F000CCA9F /* Extensions */,
				A75F575C2D047B6A00569AF7 /* Mocks */,
				A75F57592D047AA400569AF7 /* Responses */,
				CDBE801742AEE2AF79ABD88B /* Info.plist */,
				DD251E0FDBBCB1BC08984755 /* Commons */,
				D48A6B053122211D33B69E78 /* Modules */,
			);
			path = challengeTests;
			sourceTree = "<group>";
		};
		862D1B618BA5A2F242B23F46 /* Mocks */ = {
			isa = PBXGroup;
			children = (
				563D9AA2EBB99AB720A5C078 /* ListRowViewModelMock.swift */,
			);
			path = Mocks;
			sourceTree = "<group>";
		};
		A75F57592D047AA400569AF7 /* Responses */ = {
			isa = PBXGroup;
			children = (
			);
			path = Responses;
			sourceTree = "<group>";
		};
		A75F575C2D047B6A00569AF7 /* Mocks */ = {
			isa = PBXGroup;
			children = (
				A7F567412D074ED7000CCA9F /* RouteResponse.swift */,
				A75F577E2D066C2100569AF7 /* GeoLocationResponse.swift */,
				A75F577C2D066BAE00569AF7 /* EstimateResponse.swift */,
				A75F575F2D047B9C00569AF7 /* DriverResponse.swift */,
				A75F575D2D047B7A00569AF7 /* RideResponse.swift */,
				A75F575A2D047AB400569AF7 /* RidesResponse.swift */,
			);
			path = Mocks;
			sourceTree = "<group>";
		};
		A75F57732D04AEDA00569AF7 /* Estimate */ = {
			isa = PBXGroup;
			children = (
				A75F57702D04AEDA00569AF7 /* EstimateViewModelProtocol.swift */,
				A75F57712D04AEDA00569AF7 /* EstimateViewController.swift */,
				A75F57722D04AEDA00569AF7 /* EstimateViewModel.swift */,
			);
			path = Estimate;
			sourceTree = "<group>";
		};
		A75F57792D06693400569AF7 /* Estimate */ = {
			isa = PBXGroup;
			children = (
				A75F57822D066E8600569AF7 /* EstimateViewModelSpy.swift */,
				A75F577A2D06694600569AF7 /* EstimateViewModelTests.swift */,
				A75F57802D066E6A00569AF7 /* EstimateViewControllerTests.swift */,
			);
			path = Estimate;
			sourceTree = "<group>";
		};
		A75F57872D0675E300569AF7 /* Confirm */ = {
			isa = PBXGroup;
			children = (
				A7F5673C2D06A19A000CCA9F /* ConfirmRow.swift */,
				A7F53F1D2D037894008B72FB /* ConfirmCell.swift */,
				A75F57842D0675E300569AF7 /* ConfirmViewModelProtocol.swift */,
				A75F57852D0675E300569AF7 /* ConfirmViewController.swift */,
				A75F57862D0675E300569AF7 /* ConfirmViewModel.swift */,
			);
			path = Confirm;
			sourceTree = "<group>";
		};
		A7F53F232D037894008B72FB /* List */ = {
			isa = PBXGroup;
			children = (
				A7F5673A2D06A174000CCA9F /* ListCell.swift */,
				A7F53F1F2D037894008B72FB /* ListViewModelProtocol.swift */,
				A7F53F202D037894008B72FB /* ListRow.swift */,
				A7F53F212D037894008B72FB /* ListViewController.swift */,
				A7F53F222D037894008B72FB /* ListViewModel.swift */,
			);
			path = List;
			sourceTree = "<group>";
		};
		A7F5673E2D074D41000CCA9F /* Confirm */ = {
			isa = PBXGroup;
			children = (
				A7F567452D07D76B000CCA9F /* ConfirmViewModelSpy.swift */,
				A7F5673F2D074D4E000CCA9F /* ConfirmViewModelTests.swift */,
				A7F567432D07D752000CCA9F /* ConfirmViewControllerTests.swift */,
			);
			path = Confirm;
			sourceTree = "<group>";
		};
		A7F567472D07E32F000CCA9F /* Extensions */ = {
			isa = PBXGroup;
			children = (
				A7F5674C2D07E8A9000CCA9F /* GeoLocationResponseTests.swift */,
				A7F5674A2D07E60F000CCA9F /* DoubleExtensionsTests.swift */,
				A7F567482D07E347000CCA9F /* StringExtensionTests.swift */,
			);
			path = Extensions;
			sourceTree = "<group>";
		};
		A7F5675B2D08A6F0000CCA9F /* DesignSystem */ = {
			isa = PBXGroup;
			children = (
				A7F567602D08AB1F000CCA9F /* TextFields.swift */,
				A7F5675E2D08A8D1000CCA9F /* Buttons.swift */,
				A7F5675C2D08A6F4000CCA9F /* Spacing.swift */,
				A7F567592D08A302000CCA9F /* Typography.swift */,
				A7F567572D089C5D000CCA9F /* Colors.swift */,
			);
			path = DesignSystem;
			sourceTree = "<group>";
		};
		BDB2B6BAACC8B409C5C37866 /* Pods */ = {
			isa = PBXGroup;
			children = (
				D763C9B11D2DF1752798E4E6 /* Pods-challenge.debug.xcconfig */,
				363B6764AF320187F9DD1327 /* Pods-challenge.release.xcconfig */,
				EF4C774DAF81D814682FD6BD /* Pods-challengeTests.debug.xcconfig */,
				81AA64988C4767597B4AC4B8 /* Pods-challengeTests.release.xcconfig */,
			);
			path = Pods;
			sourceTree = "<group>";
		};
		D48A6B053122211D33B69E78 /* Modules */ = {
			isa = PBXGroup;
			children = (
				A7F5673E2D074D41000CCA9F /* Confirm */,
				A75F57792D06693400569AF7 /* Estimate */,
				2327A0540315EE138FA181D8 /* List */,
			);
			path = Modules;
			sourceTree = "<group>";
		};
		DD251E0FDBBCB1BC08984755 /* Commons */ = {
			isa = PBXGroup;
			children = (
				61581B42180859BD3ED39C9F /* ResponseType.swift */,
				34209B378C6E7602D8D5B73B /* WASAPIMock.swift */,
			);
			path = Commons;
			sourceTree = "<group>";
		};
		FE227FC92538EA23F02D6182 /* Modules */ = {
			isa = PBXGroup;
			children = (
				A75F57732D04AEDA00569AF7 /* Estimate */,
				A75F57872D0675E300569AF7 /* Confirm */,
				A7F53F232D037894008B72FB /* List */,
			);
			path = Modules;
			sourceTree = "<group>";
		};
/* End PBXGroup section */

/* Begin PBXNativeTarget section */
		1BD18AB17563842D09796886 /* challenge */ = {
			isa = PBXNativeTarget;
			buildConfigurationList = ECEC575B496C441D66721314 /* Build configuration list for PBXNativeTarget "challenge" */;
			buildPhases = (
				FD2E227B2F2CDC9175252FF1 /* [CP] Check Pods Manifest.lock */,
				68CF752D02249B0798C25160 /* Sources */,
				DF5F550158272601270908BB /* Resources */,
				82565BB5205F6B438ED4A59B /* SwiftLint */,
				A0288E282F4310F0CA6CD25D /* Frameworks */,
				44F463BD7521A1BDA50218E7 /* [CP] Embed Pods Frameworks */,
			);
			buildRules = (
			);
			dependencies = (
			);
			name = challenge;
			productName = challenge;
			productReference = 12F63258320BA3CC9F59B93A /* challenge.app */;
			productType = "com.apple.product-type.application";
		};
		DED52B9E5B9F29D242AC2B4B /* challengeTests */ = {
			isa = PBXNativeTarget;
			buildConfigurationList = 85EB60BB5E1B24492930F216 /* Build configuration list for PBXNativeTarget "challengeTests" */;
			buildPhases = (
				75DA01438325AD2699D7B89E /* [CP] Check Pods Manifest.lock */,
				B35CE10565ACCC3513DA8FCA /* Sources */,
				4C40E556B357801CA9AA460D /* Frameworks */,
			);
			buildRules = (
			);
			dependencies = (
				02309607BCFEF5E552F5471D /* PBXTargetDependency */,
			);
			name = challengeTests;
			productName = challengeTests;
			productReference = C2329FC97F4186A093519894 /* challengeTests.xctest */;
			productType = "com.apple.product-type.bundle.unit-test";
		};
/* End PBXNativeTarget section */

/* Begin PBXProject section */
		3D3C629AA56C05E99DA73355 /* Project object */ = {
			isa = PBXProject;
			attributes = {
				BuildIndependentTargetsInParallel = YES;
				LastUpgradeCheck = 1600;
			};
			buildConfigurationList = EB3B666A28181B6E0508EEB8 /* Build configuration list for PBXProject "challenge" */;
			compatibilityVersion = "Xcode 14.0";
			developmentRegion = en;
			hasScannedForEncodings = 0;
			knownRegions = (
				Base,
				en,
				"pt-BR",
			);
			mainGroup = 568FDB59180F06F5FA5443E4;
			productRefGroup = 660DA69B4B34DD1D930F5D97 /* Products */;
			projectDirPath = "";
			projectRoot = "";
			targets = (
				1BD18AB17563842D09796886 /* challenge */,
				DED52B9E5B9F29D242AC2B4B /* challengeTests */,
			);
		};
/* End PBXProject section */

/* Begin PBXResourcesBuildPhase section */
		DF5F550158272601270908BB /* Resources */ = {
			isa = PBXResourcesBuildPhase;
			buildActionMask = 2147483647;
			files = (
				A7F567562D089537000CCA9F /* Colors.xcassets in Resources */,
				8DC0EB0FA6D1141EC9EAF48A /* Assets.xcassets in Resources */,
				9A662310EB98699B52D4C8B7 /* LaunchScreen.storyboard in Resources */,
			);
			runOnlyForDeploymentPostprocessing = 0;
		};
/* End PBXResourcesBuildPhase section */

/* Begin PBXShellScriptBuildPhase section */
		44F463BD7521A1BDA50218E7 /* [CP] Embed Pods Frameworks */ = {
			isa = PBXShellScriptBuildPhase;
			buildActionMask = 2147483647;
			files = (
			);
			inputFileListPaths = (
				"${PODS_ROOT}/Target Support Files/Pods-challenge/Pods-challenge-frameworks-${CONFIGURATION}-input-files.xcfilelist",
			);
			name = "[CP] Embed Pods Frameworks";
			outputFileListPaths = (
				"${PODS_ROOT}/Target Support Files/Pods-challenge/Pods-challenge-frameworks-${CONFIGURATION}-output-files.xcfilelist",
			);
			runOnlyForDeploymentPostprocessing = 0;
			shellPath = /bin/sh;
			shellScript = "\"${PODS_ROOT}/Target Support Files/Pods-challenge/Pods-challenge-frameworks.sh\"\n";
			showEnvVarsInLog = 0;
		};
		75DA01438325AD2699D7B89E /* [CP] Check Pods Manifest.lock */ = {
			isa = PBXShellScriptBuildPhase;
			buildActionMask = 2147483647;
			files = (
			);
			inputFileListPaths = (
			);
			inputPaths = (
				"${PODS_PODFILE_DIR_PATH}/Podfile.lock",
				"${PODS_ROOT}/Manifest.lock",
			);
			name = "[CP] Check Pods Manifest.lock";
			outputFileListPaths = (
			);
			outputPaths = (
				"$(DERIVED_FILE_DIR)/Pods-challengeTests-checkManifestLockResult.txt",
			);
			runOnlyForDeploymentPostprocessing = 0;
			shellPath = /bin/sh;
			shellScript = "diff \"${PODS_PODFILE_DIR_PATH}/Podfile.lock\" \"${PODS_ROOT}/Manifest.lock\" > /dev/null\nif [ $? != 0 ] ; then\n    # print error to STDERR\n    echo \"error: The sandbox is not in sync with the Podfile.lock. Run 'pod install' or update your CocoaPods installation.\" >&2\n    exit 1\nfi\n# This output is used by Xcode 'outputs' to avoid re-running this script phase.\necho \"SUCCESS\" > \"${SCRIPT_OUTPUT_FILE_0}\"\n";
			showEnvVarsInLog = 0;
		};
		82565BB5205F6B438ED4A59B /* SwiftLint */ = {
			isa = PBXShellScriptBuildPhase;
			buildActionMask = 2147483647;
			files = (
			);
			inputFileListPaths = (
			);
			inputPaths = (
			);
			name = SwiftLint;
			outputFileListPaths = (
			);
			outputPaths = (
			);
			runOnlyForDeploymentPostprocessing = 0;
			shellPath = /bin/sh;
			shellScript = "${PODS_ROOT}/SwiftLint/swiftlint";
		};
		FD2E227B2F2CDC9175252FF1 /* [CP] Check Pods Manifest.lock */ = {
			isa = PBXShellScriptBuildPhase;
			buildActionMask = 2147483647;
			files = (
			);
			inputFileListPaths = (
			);
			inputPaths = (
				"${PODS_PODFILE_DIR_PATH}/Podfile.lock",
				"${PODS_ROOT}/Manifest.lock",
			);
			name = "[CP] Check Pods Manifest.lock";
			outputFileListPaths = (
			);
			outputPaths = (
				"$(DERIVED_FILE_DIR)/Pods-challenge-checkManifestLockResult.txt",
			);
			runOnlyForDeploymentPostprocessing = 0;
			shellPath = /bin/sh;
			shellScript = "diff \"${PODS_PODFILE_DIR_PATH}/Podfile.lock\" \"${PODS_ROOT}/Manifest.lock\" > /dev/null\nif [ $? != 0 ] ; then\n    # print error to STDERR\n    echo \"error: The sandbox is not in sync with the Podfile.lock. Run 'pod install' or update your CocoaPods installation.\" >&2\n    exit 1\nfi\n# This output is used by Xcode 'outputs' to avoid re-running this script phase.\necho \"SUCCESS\" > \"${SCRIPT_OUTPUT_FILE_0}\"\n";
			showEnvVarsInLog = 0;
		};
/* End PBXShellScriptBuildPhase section */

/* Begin PBXSourcesBuildPhase section */
		68CF752D02249B0798C25160 /* Sources */ = {
			isa = PBXSourcesBuildPhase;
			buildActionMask = 2147483647;
			files = (
				1941AAFD07D0E0BE8C768C68 /* AppDelegate.swift in Sources */,
				A7F5673D2D06A19A000CCA9F /* ConfirmRow.swift in Sources */,
				A75F57892D0675E300569AF7 /* ConfirmViewController.swift in Sources */,
				A7F567582D089C60000CCA9F /* Colors.swift in Sources */,
				A7F5675F2D08A8D4000CCA9F /* Buttons.swift in Sources */,
				A7F567612D08AB23000CCA9F /* TextFields.swift in Sources */,
				8F9C6D4A64C25C9D0230F4EC /* DependencyContainer.swift in Sources */,
				4EC8243188811042E5C96757 /* Environment.swift in Sources */,
				A7F53F2A2D038097008B72FB /* DoubleExtensions.swift in Sources */,
				88A0DF395094BBB3362D813C /* UIEdgeInsetsExtensions.swift in Sources */,
				526060D9204A83D86C752A1B /* UIFontExtensions.swift in Sources */,
				B346C0E71966480D43BB333A /* UIViewExtensions.swift in Sources */,
				54CDDAB6DA0EBCB9A4FEB870 /* WASFeedbackView.swift in Sources */,
				A75F57742D04AEDA00569AF7 /* EstimateViewModelProtocol.swift in Sources */,
				A75F578A2D0675E300569AF7 /* ConfirmViewModel.swift in Sources */,
				A75F57752D04AEDA00569AF7 /* EstimateViewController.swift in Sources */,
				A75F57762D04AEDA00569AF7 /* EstimateViewModel.swift in Sources */,
				98B3448D707CD453FBB9E826 /* WASViewController.swift in Sources */,
				A7F5675A2D08A305000CCA9F /* Typography.swift in Sources */,
				A7F5675D2D08A6F7000CCA9F /* Spacing.swift in Sources */,
				A7F5673B2D06A174000CCA9F /* ListCell.swift in Sources */,
				A7F53F242D037894008B72FB /* ListViewModelProtocol.swift in Sources */,
				A7F53F252D037894008B72FB /* ListRow.swift in Sources */,
				A7F53F262D037894008B72FB /* ListViewController.swift in Sources */,
				A7F53F272D037894008B72FB /* ConfirmCell.swift in Sources */,
				A7F5674F2D07F2C0000CCA9F /* Driver.swift in Sources */,
				A75F57882D0675E300569AF7 /* ConfirmViewModelProtocol.swift in Sources */,
				A7F53F282D037894008B72FB /* ListViewModel.swift in Sources */,
				A75F578C2D067F8E00569AF7 /* GeoLocationResponseExtensions.swift in Sources */,
				A7F53F2C2D038173008B72FB /* StringExtensions.swift in Sources */,
			);
			runOnlyForDeploymentPostprocessing = 0;
		};
		B35CE10565ACCC3513DA8FCA /* Sources */ = {
			isa = PBXSourcesBuildPhase;
			buildActionMask = 2147483647;
			files = (
				A7F5674D2D07E8AC000CCA9F /* GeoLocationResponseTests.swift in Sources */,
				2A4C6019CD196D16C3CAB84A /* ListRowViewModelMock.swift in Sources */,
				A75F57832D066E8800569AF7 /* EstimateViewModelSpy.swift in Sources */,
				9A8B3D72381DB8871C7986B8 /* ListViewControllerTests.swift in Sources */,
				A7F567462D07D76B000CCA9F /* ConfirmViewModelSpy.swift in Sources */,
				A75F57602D047B9E00569AF7 /* DriverResponse.swift in Sources */,
				A7F567492D07E35B000CCA9F /* StringExtensionTests.swift in Sources */,
				A75F57632D0482A900569AF7 /* ListViewModelSpy.swift in Sources */,
				5230C3F163D0772309DC4210 /* ListViewModelTests.swift in Sources */,
				A75F577D2D066BB200569AF7 /* EstimateResponse.swift in Sources */,
				717DCBCE964DB7506C3242D3 /* ResponseType.swift in Sources */,
				A7F567442D07D752000CCA9F /* ConfirmViewControllerTests.swift in Sources */,
				A7F567402D074D4E000CCA9F /* ConfirmViewModelTests.swift in Sources */,
				A75F577F2D066C2200569AF7 /* GeoLocationResponse.swift in Sources */,
				A75F575B2D047ABA00569AF7 /* RidesResponse.swift in Sources */,
				A75F57812D066E6A00569AF7 /* EstimateViewControllerTests.swift in Sources */,
				A7F567422D074EDA000CCA9F /* RouteResponse.swift in Sources */,
				A7F5674B2D07E617000CCA9F /* DoubleExtensionsTests.swift in Sources */,
				A75F575E2D047B7A00569AF7 /* RideResponse.swift in Sources */,
				A75F577B2D06694600569AF7 /* EstimateViewModelTests.swift in Sources */,
				7DEAEDBB98695D0F14BF93A2 /* WASAPIMock.swift in Sources */,
			);
			runOnlyForDeploymentPostprocessing = 0;
		};
/* End PBXSourcesBuildPhase section */

/* Begin PBXTargetDependency section */
		02309607BCFEF5E552F5471D /* PBXTargetDependency */ = {
			isa = PBXTargetDependency;
			target = 1BD18AB17563842D09796886 /* challenge */;
			targetProxy = C7A29AC73D88BCC6FC5AF32A /* PBXContainerItemProxy */;
		};
/* End PBXTargetDependency section */

/* Begin PBXVariantGroup section */
		243356E12739A4D68A2E238E /* LaunchScreen.storyboard */ = {
			isa = PBXVariantGroup;
			children = (
				47123DAE98C0248E50D0C76D /* Base */,
			);
			name = LaunchScreen.storyboard;
			sourceTree = "<group>";
		};
/* End PBXVariantGroup section */

/* Begin XCBuildConfiguration section */
		28AB1A052CDA67ACB1F215BA /* Release */ = {
			isa = XCBuildConfiguration;
			baseConfigurationReference = 81AA64988C4767597B4AC4B8 /* Pods-challengeTests.release.xcconfig */;
			buildSettings = {
				BUNDLE_LOADER = "$(TEST_HOST)";
				INFOPLIST_FILE = challengeTests/Info.plist;
				LD_RUNPATH_SEARCH_PATHS = (
					"$(inherited)",
					"@executable_path/Frameworks",
					"@loader_path/Frameworks",
				);
				SDKROOT = iphoneos;
				TARGETED_DEVICE_FAMILY = "1,2";
				TEST_HOST = "$(BUILT_PRODUCTS_DIR)/challenge.app/challenge";
			};
			name = Release;
		};
		292A3D303E999C145FDDA7C5 /* Debug */ = {
			isa = XCBuildConfiguration;
			baseConfigurationReference = EF4C774DAF81D814682FD6BD /* Pods-challengeTests.debug.xcconfig */;
			buildSettings = {
				BUNDLE_LOADER = "$(TEST_HOST)";
				INFOPLIST_FILE = challengeTests/Info.plist;
				LD_RUNPATH_SEARCH_PATHS = (
					"$(inherited)",
					"@executable_path/Frameworks",
					"@loader_path/Frameworks",
				);
				SDKROOT = iphoneos;
				TARGETED_DEVICE_FAMILY = "1,2";
				TEST_HOST = "$(BUILT_PRODUCTS_DIR)/challenge.app/challenge";
			};
			name = Debug;
		};
		610EB4116072A9DF0F7561B0 /* Release */ = {
			isa = XCBuildConfiguration;
			baseConfigurationReference = 363B6764AF320187F9DD1327 /* Pods-challenge.release.xcconfig */;
			buildSettings = {
				ASSETCATALOG_COMPILER_APPICON_NAME = AppIcon;
				CODE_SIGN_IDENTITY = "Apple Development";
				CODE_SIGN_STYLE = Automatic;
				DEVELOPMENT_TEAM = B6M4H2TQY8;
				INFOPLIST_FILE = challenge/Info.plist;
				IPHONEOS_DEPLOYMENT_TARGET = 17.0;
				LD_RUNPATH_SEARCH_PATHS = (
					"$(inherited)",
					"@executable_path/Frameworks",
				);
				PRODUCT_BUNDLE_IDENTIFIER = br.com.wagnersales.challenge;
				PROVISIONING_PROFILE_SPECIFIER = "";
				SDKROOT = iphoneos;
				TARGETED_DEVICE_FAMILY = "1,2";
			};
			name = Release;
		};
		99AD046FD9B5AD848594626B /* Debug */ = {
			isa = XCBuildConfiguration;
			baseConfigurationReference = D763C9B11D2DF1752798E4E6 /* Pods-challenge.debug.xcconfig */;
			buildSettings = {
				ASSETCATALOG_COMPILER_APPICON_NAME = AppIcon;
				CODE_SIGN_IDENTITY = "Apple Development";
				CODE_SIGN_STYLE = Automatic;
				DEVELOPMENT_TEAM = B6M4H2TQY8;
				INFOPLIST_FILE = challenge/Info.plist;
				IPHONEOS_DEPLOYMENT_TARGET = 17.0;
				LD_RUNPATH_SEARCH_PATHS = (
					"$(inherited)",
					"@executable_path/Frameworks",
				);
				PRODUCT_BUNDLE_IDENTIFIER = br.com.wagnersales.challenge;
				PROVISIONING_PROFILE_SPECIFIER = "";
				SDKROOT = iphoneos;
				TARGETED_DEVICE_FAMILY = "1,2";
			};
			name = Debug;
		};
		9FC8F5CA5C4A2402E8733D26 /* Release */ = {
			isa = XCBuildConfiguration;
			buildSettings = {
				ALWAYS_EMBED_SWIFT_STANDARD_LIBRARIES = YES;
				ALWAYS_SEARCH_USER_PATHS = NO;
				CLANG_ANALYZER_NONNULL = YES;
				CLANG_ANALYZER_NUMBER_OBJECT_CONVERSION = YES_AGGRESSIVE;
				CLANG_CXX_LANGUAGE_STANDARD = "gnu++14";
				CLANG_CXX_LIBRARY = "libc++";
				CLANG_ENABLE_MODULES = YES;
				CLANG_ENABLE_OBJC_ARC = YES;
				CLANG_ENABLE_OBJC_WEAK = YES;
				CLANG_WARN_BLOCK_CAPTURE_AUTORELEASING = YES;
				CLANG_WARN_BOOL_CONVERSION = YES;
				CLANG_WARN_COMMA = YES;
				CLANG_WARN_CONSTANT_CONVERSION = YES;
				CLANG_WARN_DEPRECATED_OBJC_IMPLEMENTATIONS = YES;
				CLANG_WARN_DIRECT_OBJC_ISA_USAGE = YES_ERROR;
				CLANG_WARN_DOCUMENTATION_COMMENTS = YES;
				CLANG_WARN_EMPTY_BODY = YES;
				CLANG_WARN_ENUM_CONVERSION = YES;
				CLANG_WARN_INFINITE_RECURSION = YES;
				CLANG_WARN_INT_CONVERSION = YES;
				CLANG_WARN_NON_LITERAL_NULL_CONVERSION = YES;
				CLANG_WARN_OBJC_IMPLICIT_RETAIN_SELF = YES;
				CLANG_WARN_OBJC_LITERAL_CONVERSION = YES;
				CLANG_WARN_OBJC_ROOT_CLASS = YES_ERROR;
				CLANG_WARN_QUOTED_INCLUDE_IN_FRAMEWORK_HEADER = YES;
				CLANG_WARN_RANGE_LOOP_ANALYSIS = YES;
				CLANG_WARN_STRICT_PROTOTYPES = YES;
				CLANG_WARN_SUSPICIOUS_MOVE = YES;
				CLANG_WARN_UNGUARDED_AVAILABILITY = YES_AGGRESSIVE;
				CLANG_WARN_UNREACHABLE_CODE = YES;
				CLANG_WARN__DUPLICATE_METHOD_MATCH = YES;
				CODE_SIGN_IDENTITY = "iPhone Developer";
				COPY_PHASE_STRIP = NO;
				DEBUG_INFORMATION_FORMAT = "dwarf-with-dsym";
				ENABLE_NS_ASSERTIONS = NO;
				ENABLE_STRICT_OBJC_MSGSEND = YES;
				GCC_C_LANGUAGE_STANDARD = gnu11;
				GCC_NO_COMMON_BLOCKS = YES;
				GCC_WARN_64_TO_32_BIT_CONVERSION = YES;
				GCC_WARN_ABOUT_RETURN_TYPE = YES_ERROR;
				GCC_WARN_UNDECLARED_SELECTOR = YES;
				GCC_WARN_UNINITIALIZED_AUTOS = YES_AGGRESSIVE;
				GCC_WARN_UNUSED_FUNCTION = YES;
				GCC_WARN_UNUSED_VARIABLE = YES;
				IPHONEOS_DEPLOYMENT_TARGET = 17.0;
				MARKETING_VERSION = 1.0.0;
				MTL_ENABLE_DEBUG_INFO = NO;
				MTL_FAST_MATH = YES;
				PRODUCT_NAME = "$(TARGET_NAME)";
				SDKROOT = iphoneos;
				SWIFT_COMPILATION_MODE = wholemodule;
				SWIFT_EMIT_LOC_STRINGS = YES;
				SWIFT_OPTIMIZATION_LEVEL = "-O";
				SWIFT_VERSION = 5.0;
				VERSIONING_SYSTEM = "apple-generic";
			};
			name = Release;
		};
		EBE04EA23AB88A9AE1C0723C /* Debug */ = {
			isa = XCBuildConfiguration;
			buildSettings = {
				ALWAYS_EMBED_SWIFT_STANDARD_LIBRARIES = YES;
				ALWAYS_SEARCH_USER_PATHS = NO;
				CLANG_ANALYZER_NONNULL = YES;
				CLANG_ANALYZER_NUMBER_OBJECT_CONVERSION = YES_AGGRESSIVE;
				CLANG_CXX_LANGUAGE_STANDARD = "gnu++14";
				CLANG_CXX_LIBRARY = "libc++";
				CLANG_ENABLE_MODULES = YES;
				CLANG_ENABLE_OBJC_ARC = YES;
				CLANG_ENABLE_OBJC_WEAK = YES;
				CLANG_WARN_BLOCK_CAPTURE_AUTORELEASING = YES;
				CLANG_WARN_BOOL_CONVERSION = YES;
				CLANG_WARN_COMMA = YES;
				CLANG_WARN_CONSTANT_CONVERSION = YES;
				CLANG_WARN_DEPRECATED_OBJC_IMPLEMENTATIONS = YES;
				CLANG_WARN_DIRECT_OBJC_ISA_USAGE = YES_ERROR;
				CLANG_WARN_DOCUMENTATION_COMMENTS = YES;
				CLANG_WARN_EMPTY_BODY = YES;
				CLANG_WARN_ENUM_CONVERSION = YES;
				CLANG_WARN_INFINITE_RECURSION = YES;
				CLANG_WARN_INT_CONVERSION = YES;
				CLANG_WARN_NON_LITERAL_NULL_CONVERSION = YES;
				CLANG_WARN_OBJC_IMPLICIT_RETAIN_SELF = YES;
				CLANG_WARN_OBJC_LITERAL_CONVERSION = YES;
				CLANG_WARN_OBJC_ROOT_CLASS = YES_ERROR;
				CLANG_WARN_QUOTED_INCLUDE_IN_FRAMEWORK_HEADER = YES;
				CLANG_WARN_RANGE_LOOP_ANALYSIS = YES;
				CLANG_WARN_STRICT_PROTOTYPES = YES;
				CLANG_WARN_SUSPICIOUS_MOVE = YES;
				CLANG_WARN_UNGUARDED_AVAILABILITY = YES_AGGRESSIVE;
				CLANG_WARN_UNREACHABLE_CODE = YES;
				CLANG_WARN__DUPLICATE_METHOD_MATCH = YES;
				CODE_SIGN_IDENTITY = "iPhone Developer";
				COPY_PHASE_STRIP = NO;
				DEBUG_INFORMATION_FORMAT = dwarf;
				ENABLE_STRICT_OBJC_MSGSEND = YES;
				ENABLE_TESTABILITY = YES;
				GCC_C_LANGUAGE_STANDARD = gnu11;
				GCC_DYNAMIC_NO_PIC = NO;
				GCC_NO_COMMON_BLOCKS = YES;
				GCC_OPTIMIZATION_LEVEL = 0;
				GCC_PREPROCESSOR_DEFINITIONS = (
					"$(inherited)",
					"DEBUG=1",
				);
				GCC_WARN_64_TO_32_BIT_CONVERSION = YES;
				GCC_WARN_ABOUT_RETURN_TYPE = YES_ERROR;
				GCC_WARN_UNDECLARED_SELECTOR = YES;
				GCC_WARN_UNINITIALIZED_AUTOS = YES_AGGRESSIVE;
				GCC_WARN_UNUSED_FUNCTION = YES;
				GCC_WARN_UNUSED_VARIABLE = YES;
				IPHONEOS_DEPLOYMENT_TARGET = 17.0;
				MARKETING_VERSION = 1.0.0;
				MTL_ENABLE_DEBUG_INFO = INCLUDE_SOURCE;
				MTL_FAST_MATH = YES;
				ONLY_ACTIVE_ARCH = YES;
				PRODUCT_NAME = "$(TARGET_NAME)";
				SDKROOT = iphoneos;
				SWIFT_ACTIVE_COMPILATION_CONDITIONS = DEBUG;
				SWIFT_EMIT_LOC_STRINGS = YES;
				SWIFT_OPTIMIZATION_LEVEL = "-Onone";
				SWIFT_VERSION = 5.0;
				VERSIONING_SYSTEM = "apple-generic";
			};
			name = Debug;
		};
/* End XCBuildConfiguration section */

/* Begin XCConfigurationList section */
		85EB60BB5E1B24492930F216 /* Build configuration list for PBXNativeTarget "challengeTests" */ = {
			isa = XCConfigurationList;
			buildConfigurations = (
				292A3D303E999C145FDDA7C5 /* Debug */,
				28AB1A052CDA67ACB1F215BA /* Release */,
			);
			defaultConfigurationIsVisible = 0;
			defaultConfigurationName = Debug;
		};
		EB3B666A28181B6E0508EEB8 /* Build configuration list for PBXProject "challenge" */ = {
			isa = XCConfigurationList;
			buildConfigurations = (
				EBE04EA23AB88A9AE1C0723C /* Debug */,
				9FC8F5CA5C4A2402E8733D26 /* Release */,
			);
			defaultConfigurationIsVisible = 0;
			defaultConfigurationName = Debug;
		};
		ECEC575B496C441D66721314 /* Build configuration list for PBXNativeTarget "challenge" */ = {
			isa = XCConfigurationList;
			buildConfigurations = (
				99AD046FD9B5AD848594626B /* Debug */,
				610EB4116072A9DF0F7561B0 /* Release */,
			);
			defaultConfigurationIsVisible = 0;
			defaultConfigurationName = Debug;
		};
/* End XCConfigurationList section */
	};
	rootObject = 3D3C629AA56C05E99DA73355 /* Project object */;
}
